
Microsoft Visual Studio Solution File, Format Version 12.00
# Visual Studio Version 16
VisualStudioVersion = 25.0.1705.4
MinimumVisualStudioVersion = 10.0.40219.1
Project("{FAE04EC0-301F-11D3-BF4B-00C04F79EFBC}") = "drollLab", "drollLab\drollLab.csproj", "{E6AD2BF0-E423-403F-B6B5-498F9EB60E2B}"
EndProject
Global
	GlobalSection(SolutionConfigurationPlatforms) = preSolution
		Debug|Any CPU = Debug|Any CPU
		Release|Any CPU = Release|Any CPU
	EndGlobalSection
	GlobalSection(ProjectConfigurationPlatforms) = postSolution
		{E6AD2BF0-E423-403F-B6B5-498F9EB60E2B}.Debug|Any CPU.ActiveCfg = Debug|Any CPU
		{E6AD2BF0-E423-403F-B6B5-498F9EB60E2B}.Debug|Any CPU.Build.0 = Debug|Any CPU
		{E6AD2BF0-E423-403F-B6B5-498F9EB60E2B}.Release|Any CPU.ActiveCfg = Release|Any CPU
		{E6AD2BF0-E423-403F-B6B5-498F9EB60E2B}.Release|Any CPU.Build.0 = Release|Any CPU
	EndGlobalSection
	GlobalSection(SolutionProperties) = preSolution
		HideSolutionNode = FALSE
	EndGlobalSection
	GlobalSection(ExtensibilityGlobals) = postSolution
		SolutionGuid = {0D6B1406-84A7-47B1-93EA-726D8FB030D7}
	EndGlobalSection
EndGlobal
